{
  "originHash" : "2df12f55c9c08f995fec878ad7af381bbc6d84394d9a80c8c09991686fd04b13",
  "pins" : [
    {
      "identity" : "pkl-swift",
      "kind" : "remoteSourceControl",
      "location" : "https://github.com/apple/pkl-swift",
      "state" : {
        "revision" : "40e5decb9481c8c5d8c64389255166023c936900",
        "version" : "0.8.2"
      }
    },
    {
      "identity" : "semanticversion",
      "kind" : "remoteSourceControl",
      "location" : "https://github.com/SwiftPackageIndex/SemanticVersion",
      "state" : {
        "revision" : "330bab3e41aad91fb3b1b0f779d1325738e54b93",
        "version" : "0.5.3"
      }
    },
    {
      "identity" : "swift-system",
      "kind" : "remoteSourceControl",
      "location" : "https://github.com/apple/swift-system",
      "state" : {
        "revision" : "7c6ad0fc39d0763e0b699210e4124afd5041c5df",
        "version" : "1.6.4"
      }
    }
  ],
  "version" : 3
}
