{
  "originHash" : "25ba1846a6d0446d04e53e9d33b65a28116c72354b74935ba1f9fdc98f986073",
  "pins" : [
    {
      "identity" : "tomldecoder",
      "kind" : "remoteSourceControl",
      "location" : "https://github.com/dduan/TOMLDecoder",
      "state" : {
        "revision" : "4511216c57fd77e82be10d10992bda8686a22c0f",
        "version" : "0.3.2"
      }
    }
  ],
  "version" : 3
}
