// !$*UTF8*$!
{
	archiveVersion = 1;
	classes = {
	};
	objectVersion = 77;
	objects = {

/* Begin PBXBuildFile section */
		F90F86A92ED8912E00C2F5CF /* GRDB in Frameworks */ = {isa = PBXBuildFile; productRef = F90F86A82ED8912E00C2F5CF /* GRDB */; };
		F90F89432ED8AE6800C2F5CF /* TOMLDecoder in Frameworks */ = {isa = PBXBuildFile; productRef = F90F86AB2ED89A0000C2F5CF /* TOMLDecoder */; };
		F926D4512EA3F44300214258 /* SwiftSMTP in Frameworks */ = {isa = PBXBuildFile; productRef = F926D4502EA3F44300214258 /* SwiftSMTP */; };
		F926D4532EA3F44300214258 /* SwiftSMTPVapor in Frameworks */ = {isa = PBXBuildFile; productRef = F926D4522EA3F44300214258 /* SwiftSMTPVapor */; };
		F9BED1172E784F2400A0A48D /* NIOIMAP in Frameworks */ = {isa = PBXBuildFile; productRef = F9BED1162E784F2400A0A48D /* NIOIMAP */; };
		F9FEE9D02E785521003E0C83 /* NIOSSL in Frameworks */ = {isa = PBXBuildFile; productRef = F9FEE9CF2E785521003E0C83 /* NIOSSL */; };
/* End PBXBuildFile section */

/* Begin PBXFileReference section */
		F9BED1042E78416900A0A48D /* colonSend.app */ = {isa = PBXFileReference; explicitFileType = wrapper.application; includeInIndex = 0; path = colonSend.app; sourceTree = BUILT_PRODUCTS_DIR; };
/* End PBXFileReference section */

/* Begin PBXFileSystemSynchronizedRootGroup section */
		F9BED1062E78416900A0A48D /* colonSend */ = {
			isa = PBXFileSystemSynchronizedRootGroup;
			path = colonSend;
			sourceTree = "<group>";
		};
/* End PBXFileSystemSynchronizedRootGroup section */

/* Begin PBXFrameworksBuildPhase section */
		F9BED1012E78416900A0A48D /* Frameworks */ = {
			isa = PBXFrameworksBuildPhase;
			buildActionMask = 2147483647;
			files = (
				F90F89432ED8AE6800C2F5CF /* TOMLDecoder in Frameworks */,
				F9FEE9D02E785521003E0C83 /* NIOSSL in Frameworks */,
				F9BED1172E784F2400A0A48D /* NIOIMAP in Frameworks */,
				F90F86A92ED8912E00C2F5CF /* GRDB in Frameworks */,
				F926D4512EA3F44300214258 /* SwiftSMTP in Frameworks */,
				F926D4532EA3F44300214258 /* SwiftSMTPVapor in Frameworks */,
			);
			runOnlyForDeploymentPostprocessing = 0;
		};
/* End PBXFrameworksBuildPhase section */

/* Begin PBXGroup section */
		F9BED0FB2E78416800A0A48D = {
			isa = PBXGroup;
			children = (
				F9BED1062E78416900A0A48D /* colonSend */,
				F9BED1052E78416900A0A48D /* Products */,
			);
			sourceTree = "<group>";
		};
		F9BED1052E78416900A0A48D /* Products */ = {
			isa = PBXGroup;
			children = (
				F9BED1042E78416900A0A48D /* colonSend.app */,
			);
			name = Products;
			sourceTree = "<group>";
		};
/* End PBXGroup section */

/* Begin PBXNativeTarget section */
		F9BED1032E78416900A0A48D /* colonSend */ = {
			isa = PBXNativeTarget;
			buildConfigurationList = F9BED1102E78416B00A0A48D /* Build configuration list for PBXNativeTarget "colonSend" */;
			buildPhases = (
				F9BED1002E78416900A0A48D /* Sources */,
				F9BED1012E78416900A0A48D /* Frameworks */,
				F9BED1022E78416900A0A48D /* Resources */,
			);
			buildRules = (
			);
			dependencies = (
			);
			fileSystemSynchronizedGroups = (
				F9BED1062E78416900A0A48D /* colonSend */,
			);
			name = colonSend;
			packageProductDependencies = (
				F9BED1162E784F2400A0A48D /* NIOIMAP */,
				F9FEE9CF2E785521003E0C83 /* NIOSSL */,
				F926D4502EA3F44300214258 /* SwiftSMTP */,
				F926D4522EA3F44300214258 /* SwiftSMTPVapor */,
				F90F86A82ED8912E00C2F5CF /* GRDB */,
				F90F86AB2ED89A0000C2F5CF /* TOMLDecoder */,
			);
			productName = colonSend;
			productReference = F9BED1042E78416900A0A48D /* colonSend.app */;
			productType = "com.apple.product-type.application";
		};
/* End PBXNativeTarget section */

/* Begin PBXProject section */
		F9BED0FC2E78416800A0A48D /* Project object */ = {
			isa = PBXProject;
			attributes = {
				BuildIndependentTargetsInParallel = 1;
				LastSwiftUpdateCheck = 1640;
				LastUpgradeCheck = 1640;
				TargetAttributes = {
					F9BED1032E78416900A0A48D = {
						CreatedOnToolsVersion = 16.4;
					};
				};
			};
			buildConfigurationList = F9BED0FF2E78416800A0A48D /* Build configuration list for PBXProject "colonSend" */;
			developmentRegion = en;
			hasScannedForEncodings = 0;
			knownRegions = (
				en,
				Base,
			);
			mainGroup = F9BED0FB2E78416800A0A48D;
			minimizedProjectReferenceProxies = 1;
			packageReferences = (
				F9BED1152E784F2400A0A48D /* XCRemoteSwiftPackageReference "swift-nio-imap" */,
				F9FEE9CE2E785521003E0C83 /* XCRemoteSwiftPackageReference "swift-nio-ssl" */,
				F926D44F2EA3F44300214258 /* XCRemoteSwiftPackageReference "swift-smtp" */,
				F907D6B02EB8B8CC00037BBE /* XCLocalSwiftPackageReference "../colonMime" */,
				F90F86A72ED8912E00C2F5CF /* XCRemoteSwiftPackageReference "GRDB" */,
				F90F86AA2ED89A0000C2F5CF /* XCRemoteSwiftPackageReference "TOMLDecoder" */,
			);
			preferredProjectObjectVersion = 77;
			productRefGroup = F9BED1052E78416900A0A48D /* Products */;
			projectDirPath = "";
			projectRoot = "";
			targets = (
				F9BED1032E78416900A0A48D /* colonSend */,
			);
		};
/* End PBXProject section */

/* Begin PBXResourcesBuildPhase section */
		F9BED1022E78416900A0A48D /* Resources */ = {
			isa = PBXResourcesBuildPhase;
			buildActionMask = 2147483647;
			files = (
			);
			runOnlyForDeploymentPostprocessing = 0;
		};
/* End PBXResourcesBuildPhase section */

/* Begin PBXSourcesBuildPhase section */
		F9BED1002E78416900A0A48D /* Sources */ = {
			isa = PBXSourcesBuildPhase;
			buildActionMask = 2147483647;
			files = (
			);
			runOnlyForDeploymentPostprocessing = 0;
		};
/* End PBXSourcesBuildPhase section */

/* Begin XCBuildConfiguration section */
		F9BED10E2E78416B00A0A48D /* Debug */ = {
			isa = XCBuildConfiguration;
			buildSettings = {
				ALWAYS_SEARCH_USER_PATHS = NO;
				ASSETCATALOG_COMPILER_GENERATE_SWIFT_ASSET_SYMBOL_EXTENSIONS = YES;
				CLANG_ANALYZER_NONNULL = YES;
				CLANG_ANALYZER_NUMBER_OBJECT_CONVERSION = YES_AGGRESSIVE;
				CLANG_CXX_LANGUAGE_STANDARD = "gnu++20";
				CLANG_ENABLE_MODULES = YES;
				CLANG_ENABLE_OBJC_ARC = YES;
				CLANG_ENABLE_OBJC_WEAK = YES;
				CLANG_WARN_BLOCK_CAPTURE_AUTORELEASING = YES;
				CLANG_WARN_BOOL_CONVERSION = YES;
				CLANG_WARN_COMMA = YES;
				CLANG_WARN_CONSTANT_CONVERSION = YES;
				CLANG_WARN_DEPRECATED_OBJC_IMPLEMENTATIONS = YES;
				CLANG_WARN_DIRECT_OBJC_ISA_USAGE = YES_ERROR;
				CLANG_WARN_DOCUMENTATION_COMMENTS = YES;
				CLANG_WARN_EMPTY_BODY = YES;
				CLANG_WARN_ENUM_CONVERSION = YES;
				CLANG_WARN_INFINITE_RECURSION = YES;
				CLANG_WARN_INT_CONVERSION = YES;
				CLANG_WARN_NON_LITERAL_NULL_CONVERSION = YES;
				CLANG_WARN_OBJC_IMPLICIT_RETAIN_SELF = YES;
				CLANG_WARN_OBJC_LITERAL_CONVERSION = YES;
				CLANG_WARN_OBJC_ROOT_CLASS = YES_ERROR;
				CLANG_WARN_QUOTED_INCLUDE_IN_FRAMEWORK_HEADER = YES;
				CLANG_WARN_RANGE_LOOP_ANALYSIS = YES;
				CLANG_WARN_STRICT_PROTOTYPES = YES;
				CLANG_WARN_SUSPICIOUS_MOVE = YES;
				CLANG_WARN_UNGUARDED_AVAILABILITY = YES_AGGRESSIVE;
				CLANG_WARN_UNREACHABLE_CODE = YES;
				CLANG_WARN__DUPLICATE_METHOD_MATCH = YES;
				COPY_PHASE_STRIP = NO;
				DEBUG_INFORMATION_FORMAT = dwarf;
				DEVELOPMENT_TEAM = VABS23HV6W;
				ENABLE_STRICT_OBJC_MSGSEND = YES;
				ENABLE_TESTABILITY = YES;
				ENABLE_USER_SCRIPT_SANDBOXING = YES;
				GCC_C_LANGUAGE_STANDARD = gnu17;
				GCC_DYNAMIC_NO_PIC = NO;
				GCC_NO_COMMON_BLOCKS = YES;
				GCC_OPTIMIZATION_LEVEL = 0;
				GCC_PREPROCESSOR_DEFINITIONS = (
					"DEBUG=1",
					"$(inherited)",
				);
				GCC_WARN_64_TO_32_BIT_CONVERSION = YES;
				GCC_WARN_ABOUT_RETURN_TYPE = YES_ERROR;
				GCC_WARN_UNDECLARED_SELECTOR = YES;
				GCC_WARN_UNINITIALIZED_AUTOS = YES_AGGRESSIVE;
				GCC_WARN_UNUSED_FUNCTION = YES;
				GCC_WARN_UNUSED_VARIABLE = YES;
				LOCALIZATION_PREFERS_STRING_CATALOGS = YES;
				MACOSX_DEPLOYMENT_TARGET = 26.0;
				MTL_ENABLE_DEBUG_INFO = INCLUDE_SOURCE;
				MTL_FAST_MATH = YES;
				ONLY_ACTIVE_ARCH = YES;
				SDKROOT = macosx;
				SWIFT_ACTIVE_COMPILATION_CONDITIONS = "DEBUG $(inherited)";
				SWIFT_OPTIMIZATION_LEVEL = "-Onone";
			};
			name = Debug;
		};
		F9BED10F2E78416B00A0A48D /* Release */ = {
			isa = XCBuildConfiguration;
			buildSettings = {
				ALWAYS_SEARCH_USER_PATHS = NO;
				ASSETCATALOG_COMPILER_GENERATE_SWIFT_ASSET_SYMBOL_EXTENSIONS = YES;
				CLANG_ANALYZER_NONNULL = YES;
				CLANG_ANALYZER_NUMBER_OBJECT_CONVERSION = YES_AGGRESSIVE;
				CLANG_CXX_LANGUAGE_STANDARD = "gnu++20";
				CLANG_ENABLE_MODULES = YES;
				CLANG_ENABLE_OBJC_ARC = YES;
				CLANG_ENABLE_OBJC_WEAK = YES;
				CLANG_WARN_BLOCK_CAPTURE_AUTORELEASING = YES;
				CLANG_WARN_BOOL_CONVERSION = YES;
				CLANG_WARN_COMMA = YES;
				CLANG_WARN_CONSTANT_CONVERSION = YES;
				CLANG_WARN_DEPRECATED_OBJC_IMPLEMENTATIONS = YES;
				CLANG_WARN_DIRECT_OBJC_ISA_USAGE = YES_ERROR;
				CLANG_WARN_DOCUMENTATION_COMMENTS = YES;
				CLANG_WARN_EMPTY_BODY = YES;
				CLANG_WARN_ENUM_CONVERSION = YES;
				CLANG_WARN_INFINITE_RECURSION = YES;
				CLANG_WARN_INT_CONVERSION = YES;
				CLANG_WARN_NON_LITERAL_NULL_CONVERSION = YES;
				CLANG_WARN_OBJC_IMPLICIT_RETAIN_SELF = YES;
				CLANG_WARN_OBJC_LITERAL_CONVERSION = YES;
				CLANG_WARN_OBJC_ROOT_CLASS = YES_ERROR;
				CLANG_WARN_QUOTED_INCLUDE_IN_FRAMEWORK_HEADER = YES;
				CLANG_WARN_RANGE_LOOP_ANALYSIS = YES;
				CLANG_WARN_STRICT_PROTOTYPES = YES;
				CLANG_WARN_SUSPICIOUS_MOVE = YES;
				CLANG_WARN_UNGUARDED_AVAILABILITY = YES_AGGRESSIVE;
				CLANG_WARN_UNREACHABLE_CODE = YES;
				CLANG_WARN__DUPLICATE_METHOD_MATCH = YES;
				COPY_PHASE_STRIP = NO;
				DEBUG_INFORMATION_FORMAT = "dwarf-with-dsym";
				DEVELOPMENT_TEAM = VABS23HV6W;
				ENABLE_NS_ASSERTIONS = NO;
				ENABLE_STRICT_OBJC_MSGSEND = YES;
				ENABLE_USER_SCRIPT_SANDBOXING = YES;
				GCC_C_LANGUAGE_STANDARD = gnu17;
				GCC_NO_COMMON_BLOCKS = YES;
				GCC_WARN_64_TO_32_BIT_CONVERSION = YES;
				GCC_WARN_ABOUT_RETURN_TYPE = YES_ERROR;
				GCC_WARN_UNDECLARED_SELECTOR = YES;
				GCC_WARN_UNINITIALIZED_AUTOS = YES_AGGRESSIVE;
				GCC_WARN_UNUSED_FUNCTION = YES;
				GCC_WARN_UNUSED_VARIABLE = YES;
				LOCALIZATION_PREFERS_STRING_CATALOGS = YES;
				MACOSX_DEPLOYMENT_TARGET = 26.0;
				MTL_ENABLE_DEBUG_INFO = NO;
				MTL_FAST_MATH = YES;
				SDKROOT = macosx;
				SWIFT_COMPILATION_MODE = wholemodule;
			};
			name = Release;
		};
		F9BED1112E78416B00A0A48D /* Debug */ = {
			isa = XCBuildConfiguration;
			buildSettings = {
				ASSETCATALOG_COMPILER_APPICON_NAME = AppIcon;
				ASSETCATALOG_COMPILER_GLOBAL_ACCENT_COLOR_NAME = AccentColor;
				ASSETCATALOG_COMPILER_INCLUDE_ALL_APPICON_ASSETS = YES;
				AUTOMATION_APPLE_EVENTS = NO;
				CODE_SIGN_ENTITLEMENTS = colonSend/colonSend.entitlements;
				CODE_SIGN_STYLE = Automatic;
				COMBINE_HIDPI_IMAGES = YES;
				CURRENT_PROJECT_VERSION = 1;
				DEVELOPMENT_TEAM = GX7NJJDXNK;
				ENABLE_HARDENED_RUNTIME = YES;
				ENABLE_PREVIEWS = YES;
				ENABLE_RESOURCE_ACCESS_AUDIO_INPUT = NO;
				ENABLE_RESOURCE_ACCESS_CALENDARS = NO;
				ENABLE_RESOURCE_ACCESS_CAMERA = NO;
				ENABLE_RESOURCE_ACCESS_CONTACTS = NO;
				ENABLE_RESOURCE_ACCESS_LOCATION = NO;
				ENABLE_RESOURCE_ACCESS_PHOTO_LIBRARY = NO;
				GENERATE_INFOPLIST_FILE = YES;
				HEADER_SEARCH_PATHS = (
					"$(inherited)",
					"$(HOME)/.local/include",
				);
				INFOPLIST_KEY_CFBundleDisplayName = colonSend;
				INFOPLIST_KEY_NSHumanReadableCopyright = "";
				LD_RUNPATH_SEARCH_PATHS = (
					"$(inherited)",
					"@executable_path/../Frameworks",
					"$(HOME)/.local/lib",
				);
				LIBRARY_SEARCH_PATHS = (
					"$(inherited)",
					"$(HOME)/.local/lib",
				);
				MARKETING_VERSION = 1.0;
				OTHER_LDFLAGS = (
					"$(inherited)",
					"-lvmime",
				);
				PRODUCT_BUNDLE_IDENTIFIER = jschenker.colonSend;
				PRODUCT_NAME = "$(TARGET_NAME)";
				REGISTER_APP_GROUPS = YES;
				RUNTIME_EXCEPTION_ALLOW_DYLD_ENVIRONMENT_VARIABLES = NO;
				RUNTIME_EXCEPTION_ALLOW_JIT = NO;
				RUNTIME_EXCEPTION_ALLOW_UNSIGNED_EXECUTABLE_MEMORY = NO;
				RUNTIME_EXCEPTION_DEBUGGING_TOOL = NO;
				RUNTIME_EXCEPTION_DISABLE_EXECUTABLE_PAGE_PROTECTION = NO;
				RUNTIME_EXCEPTION_DISABLE_LIBRARY_VALIDATION = YES;
				SWIFT_EMIT_LOC_STRINGS = YES;
				SWIFT_OBJC_INTEROP_MODE = objcxx;
				SWIFT_VERSION = 5.0;
			};
			name = Debug;
		};
		F9BED1122E78416B00A0A48D /* Release */ = {
			isa = XCBuildConfiguration;
			buildSettings = {
				ASSETCATALOG_COMPILER_APPICON_NAME = AppIcon;
				ASSETCATALOG_COMPILER_GLOBAL_ACCENT_COLOR_NAME = AccentColor;
				ASSETCATALOG_COMPILER_INCLUDE_ALL_APPICON_ASSETS = YES;
				AUTOMATION_APPLE_EVENTS = NO;
				CODE_SIGN_ENTITLEMENTS = colonSend/colonSend.entitlements;
				CODE_SIGN_STYLE = Automatic;
				COMBINE_HIDPI_IMAGES = YES;
				CURRENT_PROJECT_VERSION = 1;
				DEVELOPMENT_TEAM = GX7NJJDXNK;
				ENABLE_HARDENED_RUNTIME = YES;
				ENABLE_PREVIEWS = YES;
				ENABLE_RESOURCE_ACCESS_AUDIO_INPUT = NO;
				ENABLE_RESOURCE_ACCESS_CALENDARS = NO;
				ENABLE_RESOURCE_ACCESS_CAMERA = NO;
				ENABLE_RESOURCE_ACCESS_CONTACTS = NO;
				ENABLE_RESOURCE_ACCESS_LOCATION = NO;
				ENABLE_RESOURCE_ACCESS_PHOTO_LIBRARY = NO;
				GENERATE_INFOPLIST_FILE = YES;
				HEADER_SEARCH_PATHS = (
					"$(inherited)",
					"$(HOME)/.local/include",
				);
				INFOPLIST_KEY_CFBundleDisplayName = colonSend;
				INFOPLIST_KEY_NSHumanReadableCopyright = "";
				LD_RUNPATH_SEARCH_PATHS = (
					"$(inherited)",
					"@executable_path/../Frameworks",
					"$(HOME)/.local/lib",
				);
				LIBRARY_SEARCH_PATHS = (
					"$(inherited)",
					"$(HOME)/.local/lib",
				);
				MARKETING_VERSION = 1.0;
				OTHER_LDFLAGS = (
					"$(inherited)",
					"-lvmime",
				);
				PRODUCT_BUNDLE_IDENTIFIER = jschenker.colonSend;
				PRODUCT_NAME = "$(TARGET_NAME)";
				REGISTER_APP_GROUPS = YES;
				RUNTIME_EXCEPTION_ALLOW_DYLD_ENVIRONMENT_VARIABLES = NO;
				RUNTIME_EXCEPTION_ALLOW_JIT = NO;
				RUNTIME_EXCEPTION_ALLOW_UNSIGNED_EXECUTABLE_MEMORY = NO;
				RUNTIME_EXCEPTION_DEBUGGING_TOOL = NO;
				RUNTIME_EXCEPTION_DISABLE_EXECUTABLE_PAGE_PROTECTION = NO;
				RUNTIME_EXCEPTION_DISABLE_LIBRARY_VALIDATION = YES;
				SWIFT_EMIT_LOC_STRINGS = YES;
				SWIFT_OBJC_INTEROP_MODE = objcxx;
				SWIFT_VERSION = 5.0;
			};
			name = Release;
		};
/* End XCBuildConfiguration section */

/* Begin XCConfigurationList section */
		F9BED0FF2E78416800A0A48D /* Build configuration list for PBXProject "colonSend" */ = {
			isa = XCConfigurationList;
			buildConfigurations = (
				F9BED10E2E78416B00A0A48D /* Debug */,
				F9BED10F2E78416B00A0A48D /* Release */,
			);
			defaultConfigurationIsVisible = 0;
			defaultConfigurationName = Release;
		};
		F9BED1102E78416B00A0A48D /* Build configuration list for PBXNativeTarget "colonSend" */ = {
			isa = XCConfigurationList;
			buildConfigurations = (
				F9BED1112E78416B00A0A48D /* Debug */,
				F9BED1122E78416B00A0A48D /* Release */,
			);
			defaultConfigurationIsVisible = 0;
			defaultConfigurationName = Release;
		};
/* End XCConfigurationList section */

/* Begin XCLocalSwiftPackageReference section */
		F907D6B02EB8B8CC00037BBE /* XCLocalSwiftPackageReference "../colonMime" */ = {
			isa = XCLocalSwiftPackageReference;
			relativePath = ../colonMime;
		};
/* End XCLocalSwiftPackageReference section */

/* Begin XCRemoteSwiftPackageReference section */
		F90F86A72ED8912E00C2F5CF /* XCRemoteSwiftPackageReference "GRDB" */ = {
			isa = XCRemoteSwiftPackageReference;
			repositoryURL = "https://github.com/groue/GRDB.swift";
			requirement = {
				kind = upToNextMajorVersion;
				minimumVersion = 6.0.0;
			};
		};
		F90F86AA2ED89A0000C2F5CF /* XCRemoteSwiftPackageReference "TOMLDecoder" */ = {
			isa = XCRemoteSwiftPackageReference;
			repositoryURL = "https://github.com/dduan/TOMLDecoder";
			requirement = {
				kind = upToNextMajorVersion;
				minimumVersion = 0.2.2;
			};
		};
		F926D44F2EA3F44300214258 /* XCRemoteSwiftPackageReference "swift-smtp" */ = {
			isa = XCRemoteSwiftPackageReference;
			repositoryURL = "https://github.com/sersoft-gmbh/swift-smtp.git";
			requirement = {
				kind = upToNextMajorVersion;
				minimumVersion = 2.16.0;
			};
		};
		F9BED1152E784F2400A0A48D /* XCRemoteSwiftPackageReference "swift-nio-imap" */ = {
			isa = XCRemoteSwiftPackageReference;
			repositoryURL = "https://github.com/apple/swift-nio-imap";
			requirement = {
				kind = upToNextMajorVersion;
				minimumVersion = 0.1.0;
			};
		};
		F9FEE9CE2E785521003E0C83 /* XCRemoteSwiftPackageReference "swift-nio-ssl" */ = {
			isa = XCRemoteSwiftPackageReference;
			repositoryURL = "https://github.com/apple/swift-nio-ssl";
			requirement = {
				kind = upToNextMajorVersion;
				minimumVersion = 2.34.0;
			};
		};
/* End XCRemoteSwiftPackageReference section */

/* Begin XCSwiftPackageProductDependency section */
		F90F86A82ED8912E00C2F5CF /* GRDB */ = {
			isa = XCSwiftPackageProductDependency;
			package = F90F86A72ED8912E00C2F5CF /* XCRemoteSwiftPackageReference "GRDB" */;
			productName = GRDB;
		};
		F90F86AB2ED89A0000C2F5CF /* TOMLDecoder */ = {
			isa = XCSwiftPackageProductDependency;
			package = F90F86AA2ED89A0000C2F5CF /* XCRemoteSwiftPackageReference "TOMLDecoder" */;
			productName = TOMLDecoder;
		};
		F926D4502EA3F44300214258 /* SwiftSMTP */ = {
			isa = XCSwiftPackageProductDependency;
			package = F926D44F2EA3F44300214258 /* XCRemoteSwiftPackageReference "swift-smtp" */;
			productName = SwiftSMTP;
		};
		F926D4522EA3F44300214258 /* SwiftSMTPVapor */ = {
			isa = XCSwiftPackageProductDependency;
			package = F926D44F2EA3F44300214258 /* XCRemoteSwiftPackageReference "swift-smtp" */;
			productName = SwiftSMTPVapor;
		};
		F9BED1162E784F2400A0A48D /* NIOIMAP */ = {
			isa = XCSwiftPackageProductDependency;
			package = F9BED1152E784F2400A0A48D /* XCRemoteSwiftPackageReference "swift-nio-imap" */;
			productName = NIOIMAP;
		};
		F9FEE9CF2E785521003E0C83 /* NIOSSL */ = {
			isa = XCSwiftPackageProductDependency;
			package = F9FEE9CE2E785521003E0C83 /* XCRemoteSwiftPackageReference "swift-nio-ssl" */;
			productName = NIOSSL;
		};
/* End XCSwiftPackageProductDependency section */
	};
	rootObject = F9BED0FC2E78416800A0A48D /* Project object */;
}
